
Microsoft Visual Studio Solution File, Format Version 12.00
# Visual Studio Version 18
VisualStudioVersion = 18.3.11505.172
MinimumVisualStudioVersion = 10.0.40219.1
Project("{9A19103F-16F7-4668-BE54-9A1E7A4F7556}") = "Clean.Sdk.Domain", "src\Clean.Sdk.Domain\Clean.Sdk.Domain.csproj", "{7F7515B2-62D2-41EC-9867-E6159B22670D}"
EndProject
Project("{FAE04EC0-301F-11D3-BF4B-00C04F79EFBC}") = "Clean.Sdk.Data", "src\Clean.Sdk.Data\Clean.Sdk.Data.csproj", "{156E7F1B-D384-99B3-BDAD-C916E4461E6D}"
EndProject
Project("{9A19103F-16F7-4668-BE54-9A1E7A4F7556}") = "Clean.Sdk.Data.EfCore", "src\Clean.Sdk.Data.EfCore\Clean.Sdk.Data.EfCore.csproj", "{DDABFDA6-F20F-403D-9D0D-E1D23FF4431B}"
EndProject
Project("{9A19103F-16F7-4668-BE54-9A1E7A4F7556}") = "Clean.Sdk.Infrastructure", "src\Clean.Sdk.Infrastructure\Clean.Sdk.Infrastructure.csproj", "{536B243D-8BA0-4662-90FF-E4C411935CB0}"
EndProject
Project("{2150E333-8FDC-42A3-9474-1A3956D46DE8}") = "tests", "tests", "{01FB519F-411D-405B-A28C-BCE451366957}"
EndProject
Project("{9A19103F-16F7-4668-BE54-9A1E7A4F7556}") = "Clean.Sdk.Domain.Tests", "tests\Clean.Sdk.Domain.Tests\Clean.Sdk.Domain.Tests.csproj", "{49AF21C5-33A7-43E8-98E9-472C13178B30}"
EndProject
Project("{9A19103F-16F7-4668-BE54-9A1E7A4F7556}") = "Clean.Sdk.Data.EfCore.Tests", "tests\Clean.Sdk.Data.EfCore.Tests\Clean.Sdk.Data.EfCore.Tests.csproj", "{424B7968-7C08-42D0-AFFB-611403443F6E}"
EndProject
Project("{9A19103F-16F7-4668-BE54-9A1E7A4F7556}") = "Clean.Sdk.Infrastructure.Tests", "tests\Clean.Sdk.Infrastructure.Tests\Clean.Sdk.Infrastructure.Tests.csproj", "{B9FAFA2B-04FA-47A3-B4FB-3096F0D25DB2}"
EndProject
Project("{2150E333-8FDC-42A3-9474-1A3956D46DE8}") = "src", "src", "{36E8BF8C-9C75-4848-B2ED-BE4892AD0487}"
EndProject
Global
	GlobalSection(SolutionConfigurationPlatforms) = preSolution
		Beta|Any CPU = Beta|Any CPU
		Debug|Any CPU = Debug|Any CPU
		Release|Any CPU = Release|Any CPU
	EndGlobalSection
	GlobalSection(ProjectConfigurationPlatforms) = postSolution
		{7F7515B2-62D2-41EC-9867-E6159B22670D}.Beta|Any CPU.ActiveCfg = Beta|Any CPU
		{7F7515B2-62D2-41EC-9867-E6159B22670D}.Beta|Any CPU.Build.0 = Beta|Any CPU
		{7F7515B2-62D2-41EC-9867-E6159B22670D}.Debug|Any CPU.ActiveCfg = Debug|Any CPU
		{7F7515B2-62D2-41EC-9867-E6159B22670D}.Debug|Any CPU.Build.0 = Debug|Any CPU
		{7F7515B2-62D2-41EC-9867-E6159B22670D}.Release|Any CPU.ActiveCfg = Release|Any CPU
		{7F7515B2-62D2-41EC-9867-E6159B22670D}.Release|Any CPU.Build.0 = Release|Any CPU
		{156E7F1B-D384-99B3-BDAD-C916E4461E6D}.Beta|Any CPU.ActiveCfg = Beta|Any CPU
		{156E7F1B-D384-99B3-BDAD-C916E4461E6D}.Beta|Any CPU.Build.0 = Beta|Any CPU
		{156E7F1B-D384-99B3-BDAD-C916E4461E6D}.Debug|Any CPU.ActiveCfg = Debug|Any CPU
		{156E7F1B-D384-99B3-BDAD-C916E4461E6D}.Debug|Any CPU.Build.0 = Debug|Any CPU
		{156E7F1B-D384-99B3-BDAD-C916E4461E6D}.Release|Any CPU.ActiveCfg = Release|Any CPU
		{156E7F1B-D384-99B3-BDAD-C916E4461E6D}.Release|Any CPU.Build.0 = Release|Any CPU
		{DDABFDA6-F20F-403D-9D0D-E1D23FF4431B}.Beta|Any CPU.ActiveCfg = Beta|Any CPU
		{DDABFDA6-F20F-403D-9D0D-E1D23FF4431B}.Beta|Any CPU.Build.0 = Beta|Any CPU
		{DDABFDA6-F20F-403D-9D0D-E1D23FF4431B}.Debug|Any CPU.ActiveCfg = Debug|Any CPU
		{DDABFDA6-F20F-403D-9D0D-E1D23FF4431B}.Debug|Any CPU.Build.0 = Debug|Any CPU
		{DDABFDA6-F20F-403D-9D0D-E1D23FF4431B}.Release|Any CPU.ActiveCfg = Release|Any CPU
		{DDABFDA6-F20F-403D-9D0D-E1D23FF4431B}.Release|Any CPU.Build.0 = Release|Any CPU
		{536B243D-8BA0-4662-90FF-E4C411935CB0}.Beta|Any CPU.ActiveCfg = Beta|Any CPU
		{536B243D-8BA0-4662-90FF-E4C411935CB0}.Beta|Any CPU.Build.0 = Beta|Any CPU
		{536B243D-8BA0-4662-90FF-E4C411935CB0}.Debug|Any CPU.ActiveCfg = Debug|Any CPU
		{536B243D-8BA0-4662-90FF-E4C411935CB0}.Debug|Any CPU.Build.0 = Debug|Any CPU
		{536B243D-8BA0-4662-90FF-E4C411935CB0}.Release|Any CPU.ActiveCfg = Release|Any CPU
		{536B243D-8BA0-4662-90FF-E4C411935CB0}.Release|Any CPU.Build.0 = Release|Any CPU
		{49AF21C5-33A7-43E8-98E9-472C13178B30}.Beta|Any CPU.ActiveCfg = Beta|Any CPU
		{49AF21C5-33A7-43E8-98E9-472C13178B30}.Beta|Any CPU.Build.0 = Beta|Any CPU
		{49AF21C5-33A7-43E8-98E9-472C13178B30}.Debug|Any CPU.ActiveCfg = Debug|Any CPU
		{49AF21C5-33A7-43E8-98E9-472C13178B30}.Debug|Any CPU.Build.0 = Debug|Any CPU
		{49AF21C5-33A7-43E8-98E9-472C13178B30}.Release|Any CPU.ActiveCfg = Release|Any CPU
		{49AF21C5-33A7-43E8-98E9-472C13178B30}.Release|Any CPU.Build.0 = Release|Any CPU
		{424B7968-7C08-42D0-AFFB-611403443F6E}.Beta|Any CPU.ActiveCfg = Beta|Any CPU
		{424B7968-7C08-42D0-AFFB-611403443F6E}.Beta|Any CPU.Build.0 = Beta|Any CPU
		{424B7968-7C08-42D0-AFFB-611403443F6E}.Debug|Any CPU.ActiveCfg = Debug|Any CPU
		{424B7968-7C08-42D0-AFFB-611403443F6E}.Debug|Any CPU.Build.0 = Debug|Any CPU
		{424B7968-7C08-42D0-AFFB-611403443F6E}.Release|Any CPU.ActiveCfg = Release|Any CPU
		{424B7968-7C08-42D0-AFFB-611403443F6E}.Release|Any CPU.Build.0 = Release|Any CPU
		{B9FAFA2B-04FA-47A3-B4FB-3096F0D25DB2}.Beta|Any CPU.ActiveCfg = Beta|Any CPU
		{B9FAFA2B-04FA-47A3-B4FB-3096F0D25DB2}.Beta|Any CPU.Build.0 = Beta|Any CPU
		{B9FAFA2B-04FA-47A3-B4FB-3096F0D25DB2}.Debug|Any CPU.ActiveCfg = Debug|Any CPU
		{B9FAFA2B-04FA-47A3-B4FB-3096F0D25DB2}.Debug|Any CPU.Build.0 = Debug|Any CPU
		{B9FAFA2B-04FA-47A3-B4FB-3096F0D25DB2}.Release|Any CPU.ActiveCfg = Release|Any CPU
		{B9FAFA2B-04FA-47A3-B4FB-3096F0D25DB2}.Release|Any CPU.Build.0 = Release|Any CPU
	EndGlobalSection
	GlobalSection(SolutionProperties) = preSolution
		HideSolutionNode = FALSE
	EndGlobalSection
	GlobalSection(NestedProjects) = preSolution
		{7F7515B2-62D2-41EC-9867-E6159B22670D} = {36E8BF8C-9C75-4848-B2ED-BE4892AD0487}
		{156E7F1B-D384-99B3-BDAD-C916E4461E6D} = {36E8BF8C-9C75-4848-B2ED-BE4892AD0487}
		{DDABFDA6-F20F-403D-9D0D-E1D23FF4431B} = {36E8BF8C-9C75-4848-B2ED-BE4892AD0487}
		{536B243D-8BA0-4662-90FF-E4C411935CB0} = {36E8BF8C-9C75-4848-B2ED-BE4892AD0487}
		{49AF21C5-33A7-43E8-98E9-472C13178B30} = {01FB519F-411D-405B-A28C-BCE451366957}
		{424B7968-7C08-42D0-AFFB-611403443F6E} = {01FB519F-411D-405B-A28C-BCE451366957}
		{B9FAFA2B-04FA-47A3-B4FB-3096F0D25DB2} = {01FB519F-411D-405B-A28C-BCE451366957}
	EndGlobalSection
	GlobalSection(ExtensibilityGlobals) = postSolution
		SolutionGuid = {FF6D3FBE-973E-4784-8AA3-324E4C4E1CF5}
	EndGlobalSection
EndGlobal
